
Microsoft Visual Studio Solution File, Format Version 12.00
# Visual Studio 15
VisualStudioVersion = 15.0.27004.2010
MinimumVisualStudioVersion = 10.0.40219.1
Project("{FAE04EC0-301F-11D3-BF4B-00C04F79EFBC}") = "FireSomeone!", "FireSomeone!\FireSomeone!.csproj", "{30A8303D-5650-447E-AF30-B19AAE118B6C}"
EndProject
Global
	GlobalSection(SolutionConfigurationPlatforms) = preSolution
		Debug|Any CPU = Debug|Any CPU
		Release|Any CPU = Release|Any CPU
	EndGlobalSection
	GlobalSection(ProjectConfigurationPlatforms) = postSolution
		{30A8303D-5650-447E-AF30-B19AAE118B6C}.Debug|Any CPU.ActiveCfg = Debug|Any CPU
		{30A8303D-5650-447E-AF30-B19AAE118B6C}.Debug|Any CPU.Build.0 = Debug|Any CPU
		{30A8303D-5650-447E-AF30-B19AAE118B6C}.Release|Any CPU.ActiveCfg = Release|Any CPU
		{30A8303D-5650-447E-AF30-B19AAE118B6C}.Release|Any CPU.Build.0 = Release|Any CPU
	EndGlobalSection
	GlobalSection(SolutionProperties) = preSolution
		HideSolutionNode = FALSE
	EndGlobalSection
	GlobalSection(ExtensibilityGlobals) = postSolution
		SolutionGuid = {ED30E851-7B3B-484E-B1F8-2B45B60B7F10}
	EndGlobalSection
EndGlobal
